Microsoft Visual Studio Solution File, Format Version 10.00
# Visual Studio 2008
Project("{FAE04EC0-301F-11D3-BF4B-00C04F79EFBC}") = "Checkers", "Checkers\Checkers.csproj", "{B7585220-DD42-48B2-B68E-DBB2AC645642}"
EndProject
Project("{FAE04EC0-301F-11D3-BF4B-00C04F79EFBC}") = "Checkers.Framework", "Checkers.Framework\Checkers.Framework.csproj", "{EF66778A-5067-49AA-91AC-70D048F482F8}"
EndProject
Project("{FAE04EC0-301F-11D3-BF4B-00C04F79EFBC}") = "Checkers.UI", "Checkers.UI\Checkers.UI.csproj", "{66C6B81B-5C99-4A60-8F4A-A3E46FFB97D4}"
EndProject
Global
	GlobalSection(SolutionConfigurationPlatforms) = preSolution
		Debug|Any CPU = Debug|Any CPU
		Release|Any CPU = Release|Any CPU
	EndGlobalSection
	GlobalSection(ProjectConfigurationPlatforms) = postSolution
		{B7585220-DD42-48B2-B68E-DBB2AC645642}.Debug|Any CPU.ActiveCfg = Debug|Any CPU
		{B7585220-DD42-48B2-B68E-DBB2AC645642}.Debug|Any CPU.Build.0 = Debug|Any CPU
		{B7585220-DD42-48B2-B68E-DBB2AC645642}.Release|Any CPU.ActiveCfg = Release|Any CPU
		{B7585220-DD42-48B2-B68E-DBB2AC645642}.Release|Any CPU.Build.0 = Release|Any CPU
		{EF66778A-5067-49AA-91AC-70D048F482F8}.Debug|Any CPU.ActiveCfg = Debug|Any CPU
		{EF66778A-5067-49AA-91AC-70D048F482F8}.Debug|Any CPU.Build.0 = Debug|Any CPU
		{EF66778A-5067-49AA-91AC-70D048F482F8}.Release|Any CPU.ActiveCfg = Release|Any CPU
		{EF66778A-5067-49AA-91AC-70D048F482F8}.Release|Any CPU.Build.0 = Release|Any CPU
		{66C6B81B-5C99-4A60-8F4A-A3E46FFB97D4}.Debug|Any CPU.ActiveCfg = Debug|Any CPU
		{66C6B81B-5C99-4A60-8F4A-A3E46FFB97D4}.Debug|Any CPU.Build.0 = Debug|Any CPU
		{66C6B81B-5C99-4A60-8F4A-A3E46FFB97D4}.Release|Any CPU.ActiveCfg = Release|Any CPU
		{66C6B81B-5C99-4A60-8F4A-A3E46FFB97D4}.Release|Any CPU.Build.0 = Release|Any CPU
	EndGlobalSection
	GlobalSection(SolutionProperties) = preSolution
		HideSolutionNode = FALSE
	EndGlobalSection
EndGlobal
