Microsoft Visual Studio Solution File, Format Version 7.00
Project("{FAE04EC0-301F-11D3-BF4B-00C04F79EFBC}") = "Checkers", "Checkers\Checkers.csproj", "{48223EB6-9BC8-4FB6-8B25-E46CFFA67860}"
EndProject
Global
	GlobalSection(SolutionConfiguration) = preSolution
		ConfigName.0 = Debug
		ConfigName.1 = Release
	EndGlobalSection
	GlobalSection(ProjectDependencies) = postSolution
	EndGlobalSection
	GlobalSection(ProjectConfiguration) = postSolution
		{48223EB6-9BC8-4FB6-8B25-E46CFFA67860}.Debug.ActiveCfg = Debug|.NET
		{48223EB6-9BC8-4FB6-8B25-E46CFFA67860}.Debug.Build.0 = Debug|.NET
		{48223EB6-9BC8-4FB6-8B25-E46CFFA67860}.Release.ActiveCfg = Release|.NET
		{48223EB6-9BC8-4FB6-8B25-E46CFFA67860}.Release.Build.0 = Release|.NET
	EndGlobalSection
	GlobalSection(ExtensibilityGlobals) = postSolution
	EndGlobalSection
	GlobalSection(ExtensibilityAddIns) = postSolution
	EndGlobalSection
EndGlobal
